
Microsoft Visual Studio Solution File, Format Version 12.00
# Visual Studio 15
VisualStudioVersion = 15.0.26124.0
MinimumVisualStudioVersion = 15.0.26124.0
Project("{2150E333-8FDC-42A3-9474-1A3956D46DE8}") = "src", "src", "{0150A0A1-D7E3-4F4C-8EA8-2599382342DC}"
EndProject
Project("{2150E333-8FDC-42A3-9474-1A3956D46DE8}") = "clients", "clients", "{D32C51D0-623C-4E19-8F9B-6B04EDCD50FE}"
EndProject
Project("{FAE04EC0-301F-11D3-BF4B-00C04F79EFBC}") = "Web", "src\clients\Web\Web.csproj", "{6BF95431-600F-4E4D-91DE-C239FEB18C3D}"
EndProject
Project("{2150E333-8FDC-42A3-9474-1A3956D46DE8}") = "entrypoints", "entrypoints", "{BD2521FD-DE00-4A53-8C4E-9562BAF691FA}"
EndProject
Project("{FAE04EC0-301F-11D3-BF4B-00C04F79EFBC}") = "WebAPI", "src\entrypoints\WebAPI\WebAPI.csproj", "{346DD67D-1B0C-419E-BB30-DCA2E70D6578}"
EndProject
Project("{2150E333-8FDC-42A3-9474-1A3956D46DE8}") = "resource-access", "resource-access", "{662ADEB5-9012-4141-920E-5D6B0B9ED67A}"
EndProject
Project("{FAE04EC0-301F-11D3-BF4B-00C04F79EFBC}") = "Service", "src\resource-access\Service\Service.csproj", "{7F6AB1FC-D8A9-4D49-AFF4-AD34C2A5ECE4}"
EndProject
Project("{2150E333-8FDC-42A3-9474-1A3956D46DE8}") = "test-clients", "test-clients", "{BA7D3A0D-E987-4F71-B0ED-FFE42F90F6E8}"
EndProject
Project("{FAE04EC0-301F-11D3-BF4B-00C04F79EFBC}") = "ConsoleClient", "src\test-clients\ConsoleClient\ConsoleClient.csproj", "{657E804D-DCD5-480D-89B2-5205DE61E133}"
EndProject
Global
	GlobalSection(SolutionConfigurationPlatforms) = preSolution
		Debug|Any CPU = Debug|Any CPU
		Debug|x64 = Debug|x64
		Debug|x86 = Debug|x86
		Release|Any CPU = Release|Any CPU
		Release|x64 = Release|x64
		Release|x86 = Release|x86
	EndGlobalSection
	GlobalSection(SolutionProperties) = preSolution
		HideSolutionNode = FALSE
	EndGlobalSection
	GlobalSection(ProjectConfigurationPlatforms) = postSolution
		{6BF95431-600F-4E4D-91DE-C239FEB18C3D}.Debug|Any CPU.ActiveCfg = Debug|Any CPU
		{6BF95431-600F-4E4D-91DE-C239FEB18C3D}.Debug|Any CPU.Build.0 = Debug|Any CPU
		{6BF95431-600F-4E4D-91DE-C239FEB18C3D}.Debug|x64.ActiveCfg = Debug|Any CPU
		{6BF95431-600F-4E4D-91DE-C239FEB18C3D}.Debug|x64.Build.0 = Debug|Any CPU
		{6BF95431-600F-4E4D-91DE-C239FEB18C3D}.Debug|x86.ActiveCfg = Debug|Any CPU
		{6BF95431-600F-4E4D-91DE-C239FEB18C3D}.Debug|x86.Build.0 = Debug|Any CPU
		{6BF95431-600F-4E4D-91DE-C239FEB18C3D}.Release|Any CPU.ActiveCfg = Release|Any CPU
		{6BF95431-600F-4E4D-91DE-C239FEB18C3D}.Release|Any CPU.Build.0 = Release|Any CPU
		{6BF95431-600F-4E4D-91DE-C239FEB18C3D}.Release|x64.ActiveCfg = Release|Any CPU
		{6BF95431-600F-4E4D-91DE-C239FEB18C3D}.Release|x64.Build.0 = Release|Any CPU
		{6BF95431-600F-4E4D-91DE-C239FEB18C3D}.Release|x86.ActiveCfg = Release|Any CPU
		{6BF95431-600F-4E4D-91DE-C239FEB18C3D}.Release|x86.Build.0 = Release|Any CPU
		{346DD67D-1B0C-419E-BB30-DCA2E70D6578}.Debug|Any CPU.ActiveCfg = Debug|Any CPU
		{346DD67D-1B0C-419E-BB30-DCA2E70D6578}.Debug|Any CPU.Build.0 = Debug|Any CPU
		{346DD67D-1B0C-419E-BB30-DCA2E70D6578}.Debug|x64.ActiveCfg = Debug|Any CPU
		{346DD67D-1B0C-419E-BB30-DCA2E70D6578}.Debug|x64.Build.0 = Debug|Any CPU
		{346DD67D-1B0C-419E-BB30-DCA2E70D6578}.Debug|x86.ActiveCfg = Debug|Any CPU
		{346DD67D-1B0C-419E-BB30-DCA2E70D6578}.Debug|x86.Build.0 = Debug|Any CPU
		{346DD67D-1B0C-419E-BB30-DCA2E70D6578}.Release|Any CPU.ActiveCfg = Release|Any CPU
		{346DD67D-1B0C-419E-BB30-DCA2E70D6578}.Release|Any CPU.Build.0 = Release|Any CPU
		{346DD67D-1B0C-419E-BB30-DCA2E70D6578}.Release|x64.ActiveCfg = Release|Any CPU
		{346DD67D-1B0C-419E-BB30-DCA2E70D6578}.Release|x64.Build.0 = Release|Any CPU
		{346DD67D-1B0C-419E-BB30-DCA2E70D6578}.Release|x86.ActiveCfg = Release|Any CPU
		{346DD67D-1B0C-419E-BB30-DCA2E70D6578}.Release|x86.Build.0 = Release|Any CPU
		{7F6AB1FC-D8A9-4D49-AFF4-AD34C2A5ECE4}.Debug|Any CPU.ActiveCfg = Debug|Any CPU
		{7F6AB1FC-D8A9-4D49-AFF4-AD34C2A5ECE4}.Debug|Any CPU.Build.0 = Debug|Any CPU
		{7F6AB1FC-D8A9-4D49-AFF4-AD34C2A5ECE4}.Debug|x64.ActiveCfg = Debug|Any CPU
		{7F6AB1FC-D8A9-4D49-AFF4-AD34C2A5ECE4}.Debug|x64.Build.0 = Debug|Any CPU
		{7F6AB1FC-D8A9-4D49-AFF4-AD34C2A5ECE4}.Debug|x86.ActiveCfg = Debug|Any CPU
		{7F6AB1FC-D8A9-4D49-AFF4-AD34C2A5ECE4}.Debug|x86.Build.0 = Debug|Any CPU
		{7F6AB1FC-D8A9-4D49-AFF4-AD34C2A5ECE4}.Release|Any CPU.ActiveCfg = Release|Any CPU
		{7F6AB1FC-D8A9-4D49-AFF4-AD34C2A5ECE4}.Release|Any CPU.Build.0 = Release|Any CPU
		{7F6AB1FC-D8A9-4D49-AFF4-AD34C2A5ECE4}.Release|x64.ActiveCfg = Release|Any CPU
		{7F6AB1FC-D8A9-4D49-AFF4-AD34C2A5ECE4}.Release|x64.Build.0 = Release|Any CPU
		{7F6AB1FC-D8A9-4D49-AFF4-AD34C2A5ECE4}.Release|x86.ActiveCfg = Release|Any CPU
		{7F6AB1FC-D8A9-4D49-AFF4-AD34C2A5ECE4}.Release|x86.Build.0 = Release|Any CPU
		{657E804D-DCD5-480D-89B2-5205DE61E133}.Debug|Any CPU.ActiveCfg = Debug|Any CPU
		{657E804D-DCD5-480D-89B2-5205DE61E133}.Debug|Any CPU.Build.0 = Debug|Any CPU
		{657E804D-DCD5-480D-89B2-5205DE61E133}.Debug|x64.ActiveCfg = Debug|Any CPU
		{657E804D-DCD5-480D-89B2-5205DE61E133}.Debug|x64.Build.0 = Debug|Any CPU
		{657E804D-DCD5-480D-89B2-5205DE61E133}.Debug|x86.ActiveCfg = Debug|Any CPU
		{657E804D-DCD5-480D-89B2-5205DE61E133}.Debug|x86.Build.0 = Debug|Any CPU
		{657E804D-DCD5-480D-89B2-5205DE61E133}.Release|Any CPU.ActiveCfg = Release|Any CPU
		{657E804D-DCD5-480D-89B2-5205DE61E133}.Release|Any CPU.Build.0 = Release|Any CPU
		{657E804D-DCD5-480D-89B2-5205DE61E133}.Release|x64.ActiveCfg = Release|Any CPU
		{657E804D-DCD5-480D-89B2-5205DE61E133}.Release|x64.Build.0 = Release|Any CPU
		{657E804D-DCD5-480D-89B2-5205DE61E133}.Release|x86.ActiveCfg = Release|Any CPU
		{657E804D-DCD5-480D-89B2-5205DE61E133}.Release|x86.Build.0 = Release|Any CPU
	EndGlobalSection
	GlobalSection(NestedProjects) = preSolution
		{D32C51D0-623C-4E19-8F9B-6B04EDCD50FE} = {0150A0A1-D7E3-4F4C-8EA8-2599382342DC}
		{6BF95431-600F-4E4D-91DE-C239FEB18C3D} = {D32C51D0-623C-4E19-8F9B-6B04EDCD50FE}
		{BD2521FD-DE00-4A53-8C4E-9562BAF691FA} = {0150A0A1-D7E3-4F4C-8EA8-2599382342DC}
		{346DD67D-1B0C-419E-BB30-DCA2E70D6578} = {BD2521FD-DE00-4A53-8C4E-9562BAF691FA}
		{662ADEB5-9012-4141-920E-5D6B0B9ED67A} = {0150A0A1-D7E3-4F4C-8EA8-2599382342DC}
		{7F6AB1FC-D8A9-4D49-AFF4-AD34C2A5ECE4} = {662ADEB5-9012-4141-920E-5D6B0B9ED67A}
		{BA7D3A0D-E987-4F71-B0ED-FFE42F90F6E8} = {0150A0A1-D7E3-4F4C-8EA8-2599382342DC}
		{657E804D-DCD5-480D-89B2-5205DE61E133} = {BA7D3A0D-E987-4F71-B0ED-FFE42F90F6E8}
	EndGlobalSection
EndGlobal
